
Microsoft Visual Studio Solution File, Format Version 12.00
# Visual Studio Version 17
VisualStudioVersion = 17.0.32014.148
MinimumVisualStudioVersion = 10.0.40219.1
Project("{FAE04EC0-301F-11D3-BF4B-00C04F79EFBC}") = "APIFizyo", "APIFizyo\APIFizyo.csproj", "{4AFEDC37-FD4D-4BCE-9D3C-FBE986D4DD58}"
EndProject
Global
	GlobalSection(SolutionConfigurationPlatforms) = preSolution
		Debug|Any CPU = Debug|Any CPU
		Release|Any CPU = Release|Any CPU
	EndGlobalSection
	GlobalSection(ProjectConfigurationPlatforms) = postSolution
		{4AFEDC37-FD4D-4BCE-9D3C-FBE986D4DD58}.Debug|Any CPU.ActiveCfg = Debug|Any CPU
		{4AFEDC37-FD4D-4BCE-9D3C-FBE986D4DD58}.Debug|Any CPU.Build.0 = Debug|Any CPU
		{4AFEDC37-FD4D-4BCE-9D3C-FBE986D4DD58}.Release|Any CPU.ActiveCfg = Release|Any CPU
		{4AFEDC37-FD4D-4BCE-9D3C-FBE986D4DD58}.Release|Any CPU.Build.0 = Release|Any CPU
	EndGlobalSection
	GlobalSection(SolutionProperties) = preSolution
		HideSolutionNode = FALSE
	EndGlobalSection
	GlobalSection(ExtensibilityGlobals) = postSolution
		SolutionGuid = {64AA36EB-A2D9-436E-BFDC-F1DC89A6AAB9}
	EndGlobalSection
EndGlobal
